github.com/mitchellh/go-homedir v1.1.0 h1:lukF9ziXFxDFPkA1vsr5zpc1XuPDn/wFntq5mG+4E0Y=
github.com/mitchellh/go-homedir v1.1.0/go.mod h1:SfyaCUpYCn1Vlf4IUYiD9fPX4A5wJrkLzIz1N1q0pr0=
github.com/mithrandie/csvq v1.18.1 h1:f7NB2scbb7xx2ffPduJ2VtZ85RpWXfvanYskAkGlCBU=
github.com/mithrandie/csvq v1.18.1/go.mod h1:MRJj7AtcXfk7jhNGxLuJGP3LORmh4lpiPWxQ7VyCRn8=
github.com/mithrandie/go-file/v2 v2.1.0 h1:XA5Tl+73GXMDvgwSE3Sg0uC5FkLr3hnXs8SpUas0hyg=
github.com/mithrandie/go-file/v2 v2.1.0/go.mod h1:9YtTF3Xo59GqC1Pxw6KyGVcM/qubAMlxVsqI/u9r++c=
github.com/mithrandie/go-text v1.6.0 h1:8gOXTMPbMY8DJbKMTv8kHhADcJlDWXqS/YQH4SyWO6s=
github.com/mithrandie/go-text v1.6.0/go.mod h1:xCgj1xiNbI/d4xA9sLVvXkjh5B2tNx2ZT2/3rpmh8to=
github.com/mithrandie/ternary v1.1.1 h1:k/joD6UGVYxHixYmSR8EGgDFNONBMqyD373xT4QRdC4=
github.com/mithrandie/ternary v1.1.1/go.mod h1:0D9Ba3+09K2TdSZO7/bFCC0GjSXetCvYuYq0u8FY/1g=
golang.org/x/crypto v0.7.0 h1:AvwMYaRytfdeVt3u6mLaxYtErKYjxA2OXjJ1HHq6t3A=
golang.org/x/crypto v0.7.0/go.mod h1:pYwdfH91IfpZVANVyUOhSIPZaFoJGxTFbZhFTx+dXZU=
golang.org/x/sys v0.6.0 h1:MVltZSvRTcU2ljQOhs94SXPftV6DCNnZViHeQps87pQ=
golang.org/x/sys v0.6.0/go.mod h1:oPkhp1MJrh7nUepCBck5+mAzfO9JrbApNNgaTdGDITg=
golang.org/x/term v0.6.0 h1:clScbb1cHjoCkyRbWwBEUZ5H/tIFu5TAXIqaZD0Gcjw=
golang.org/x/term v0.6.0/go.mod h1:m6U89DPEgQRMq3DNkDClhWw02AUbt2daBVO4cn4Hv9U=
golang.org/x/text v0.8.0 h1:57P1ETyNKtuIjB4SRd15iJxuhj8Gc416Y78H3qgMh68=
golang.org/x/text v0.8.0/go.mod h1:e1OnstbJyHTd6l/uOt8jFFHp6TRDWZR/bV3emEE/zU8=
